{
  "nodes": {
    "flake-utils": {
      "inputs": {
        "systems": "systems"
      },
      "locked": {
        "lastModified": 1705309234,
        "narHash": "sha256-uNRRNRKmJyCRC/8y1RqBkqWBLM034y4qN7EprSdmgyA=",
        "owner": "numtide",
        "repo": "flake-utils",
        "rev": "1ef2e671c3b0c19053962c07dbda38332dcebf26",
        "type": "github"
      },
      "original": {
        "owner": "numtide",
        "repo": "flake-utils",
        "type": "github"
      }
    },
    "freetype2": {
      "flake": false,
      "locked": {
        "lastModified": 1675923892,
        "narHash": "sha256-dOm8VKYdclTLLkqWMLv7DQI0Qyjit7S4SOCszKEkG3o=",
        "owner": "wez",
        "repo": "freetype2",
        "rev": "de8b92dd7ec634e9e2b25ef534c54a3537555c11",
        "type": "github"
      },
      "original": {
        "owner": "wez",
        "repo": "freetype2",
        "rev": "de8b92dd7ec634e9e2b25ef534c54a3537555c11",
        "type": "github"
      }
    },
    "harfbuzz": {
      "flake": false,
      "locked": {
        "lastModified": 1677798343,
        "narHash": "sha256-Lsd0Vrkrv67CMyV0ZveShfjUvqh/jDhI8rAK9ps+SZQ=",
        "owner": "harfbuzz",
        "repo": "harfbuzz",
        "rev": "60841e26187576bff477c1a09ee2ffe544844abc",
        "type": "github"
      },
      "original": {
        "owner": "harfbuzz",
        "repo": "harfbuzz",
        "rev": "60841e26187576bff477c1a09ee2ffe544844abc",
        "type": "github"
      }
    },
    "libpng": {
      "flake": false,
      "locked": {
        "lastModified": 1549245649,
        "narHash": "sha256-1+cRp0Ungme/OGfc9kGJbklYIWAFxk8Il1M+NV4KSgw=",
        "owner": "glennrp",
        "repo": "libpng",
        "rev": "8439534daa1d3a5705ba92e653eda9251246dd61",
        "type": "github"
      },
      "original": {
        "owner": "glennrp",
        "repo": "libpng",
        "rev": "8439534daa1d3a5705ba92e653eda9251246dd61",
        "type": "github"
      }
    },
    "nixpkgs": {
      "locked": {
        "lastModified": 1705403940,
        "narHash": "sha256-bl7E3w35Bleiexg01WsN0RuAQEL23HaQeNBC2zjt+9w=",
        "owner": "NixOS",
        "repo": "nixpkgs",
        "rev": "f0326542989e1bdac955ad6269b334a8da4b0c95",
        "type": "github"
      },
      "original": {
        "owner": "NixOS",
        "ref": "nixpkgs-unstable",
        "repo": "nixpkgs",
        "type": "github"
      }
    },
    "root": {
      "inputs": {
        "flake-utils": "flake-utils",
        "freetype2": "freetype2",
        "harfbuzz": "harfbuzz",
        "libpng": "libpng",
        "nixpkgs": "nixpkgs",
        "rust-overlay": "rust-overlay",
        "zlib": "zlib"
      }
    },
    "rust-overlay": {
      "inputs": {
        "flake-utils": [
          "flake-utils"
        ],
        "nixpkgs": [
          "nixpkgs"
        ]
      },
      "locked": {
        "lastModified": 1705457855,
        "narHash": "sha256-5cCHQtP/PEHK1YNTQyZN9v8ehpLTjc723ZSKAP3Tva8=",
        "owner": "oxalica",
        "repo": "rust-overlay",
        "rev": "a854609265af0e9f48c92e497679edf8fab9e690",
        "type": "github"
      },
      "original": {
        "owner": "oxalica",
        "repo": "rust-overlay",
        "type": "github"
      }
    },
    "systems": {
      "locked": {
        "lastModified": 1681028828,
        "narHash": "sha256-Vy1rq5AaRuLzOxct8nz4T6wlgyUR7zLU309k9mBC768=",
        "owner": "nix-systems",
        "repo": "default",
        "rev": "da67096a3b9bf56a91d16901293e51ba5b49a27e",
        "type": "github"
      },
      "original": {
        "owner": "nix-systems",
        "repo": "default",
        "type": "github"
      }
    },
    "zlib": {
      "flake": false,
      "locked": {
        "lastModified": 1484501380,
        "narHash": "sha256-j5b6aki1ztrzfCqu8y729sPar8GpyQWIrajdzpJC+ww=",
        "owner": "madler",
        "repo": "zlib",
        "rev": "cacf7f1d4e3d44d871b605da3b647f07d718623f",
        "type": "github"
      },
      "original": {
        "owner": "madler",
        "repo": "zlib",
        "rev": "cacf7f1d4e3d44d871b605da3b647f07d718623f",
        "type": "github"
      }
    }
  },
  "root": "root",
  "version": 7
}
