{
  "nodes": {
    "flake-utils": {
      "locked": {
        "lastModified": 1680776469,
        "narHash": "sha256-3CXUDK/3q/kieWtdsYpDOBJw3Gw4Af6x+2EiSnIkNQw=",
        "owner": "numtide",
        "repo": "flake-utils",
        "rev": "411e8764155aa9354dbcd6d5faaeb97e9e3dce24",
        "type": "github"
      },
      "original": {
        "owner": "numtide",
        "repo": "flake-utils",
        "type": "github"
      }
    },
    "freetype2": {
      "flake": false,
      "locked": {
        "lastModified": 1675923892,
        "narHash": "sha256-dOm8VKYdclTLLkqWMLv7DQI0Qyjit7S4SOCszKEkG3o=",
        "owner": "wez",
        "repo": "freetype2",
        "rev": "de8b92dd7ec634e9e2b25ef534c54a3537555c11",
        "type": "github"
      },
      "original": {
        "owner": "wez",
        "repo": "freetype2",
        "rev": "de8b92dd7ec634e9e2b25ef534c54a3537555c11",
        "type": "github"
      }
    },
    "harfbuzz": {
      "flake": false,
      "locked": {
        "lastModified": 1677798343,
        "narHash": "sha256-Lsd0Vrkrv67CMyV0ZveShfjUvqh/jDhI8rAK9ps+SZQ=",
        "owner": "harfbuzz",
        "repo": "harfbuzz",
        "rev": "60841e26187576bff477c1a09ee2ffe544844abc",
        "type": "github"
      },
      "original": {
        "owner": "harfbuzz",
        "repo": "harfbuzz",
        "rev": "60841e26187576bff477c1a09ee2ffe544844abc",
        "type": "github"
      }
    },
    "libpng": {
      "flake": false,
      "locked": {
        "lastModified": 1549245649,
        "narHash": "sha256-1+cRp0Ungme/OGfc9kGJbklYIWAFxk8Il1M+NV4KSgw=",
        "owner": "glennrp",
        "repo": "libpng",
        "rev": "8439534daa1d3a5705ba92e653eda9251246dd61",
        "type": "github"
      },
      "original": {
        "owner": "glennrp",
        "repo": "libpng",
        "rev": "8439534daa1d3a5705ba92e653eda9251246dd61",
        "type": "github"
      }
    },
    "nixpkgs": {
      "locked": {
        "lastModified": 1680728981,
        "narHash": "sha256-ZhsViPJJvET7iLyD9ey63q6GwPKquDqIbOn2letvb/A=",
        "owner": "NixOS",
        "repo": "nixpkgs",
        "rev": "38263d02cf3a22e011e137b8f67cdf8419f28015",
        "type": "github"
      },
      "original": {
        "owner": "NixOS",
        "ref": "nixpkgs-unstable",
        "repo": "nixpkgs",
        "type": "github"
      }
    },
    "root": {
      "inputs": {
        "flake-utils": "flake-utils",
        "freetype2": "freetype2",
        "harfbuzz": "harfbuzz",
        "libpng": "libpng",
        "nixpkgs": "nixpkgs",
        "zlib": "zlib"
      }
    },
    "zlib": {
      "flake": false,
      "locked": {
        "lastModified": 1484501380,
        "narHash": "sha256-j5b6aki1ztrzfCqu8y729sPar8GpyQWIrajdzpJC+ww=",
        "owner": "madler",
        "repo": "zlib",
        "rev": "cacf7f1d4e3d44d871b605da3b647f07d718623f",
        "type": "github"
      },
      "original": {
        "owner": "madler",
        "repo": "zlib",
        "rev": "cacf7f1d4e3d44d871b605da3b647f07d718623f",
        "type": "github"
      }
    }
  },
  "root": "root",
  "version": 7
}
