{
  "nodes": {
    "fenix": {
      "inputs": {
        "nixpkgs": [
          "nixpkgs"
        ],
        "rust-analyzer-src": "rust-analyzer-src"
      },
      "locked": {
        "lastModified": 1627785097,
        "narHash": "sha256-nPptlvLhyRbVv76Em1/vhsPCb81SgHQ7IET7U2DSvNc=",
        "owner": "nix-community",
        "repo": "fenix",
        "rev": "eebe64a297b25b86249fc08080b8afc33b459b92",
        "type": "github"
      },
      "original": {
        "owner": "nix-community",
        "repo": "fenix",
        "type": "github"
      }
    },
    "flake-utils": {
      "locked": {
        "lastModified": 1623875721,
        "narHash": "sha256-A8BU7bjS5GirpAUv4QA+QnJ4CceLHkcXdRp4xITDB0s=",
        "owner": "numtide",
        "repo": "flake-utils",
        "rev": "f7e004a55b120c02ecb6219596820fcd32ca8772",
        "type": "github"
      },
      "original": {
        "owner": "numtide",
        "repo": "flake-utils",
        "type": "github"
      }
    },
    "naersk": {
      "inputs": {
        "nixpkgs": "nixpkgs"
      },
      "locked": {
        "lastModified": 1623927034,
        "narHash": "sha256-sGxlmfp5eXL5sAMNqHSb04Zq6gPl+JeltIZ226OYN0w=",
        "owner": "nmattia",
        "repo": "naersk",
        "rev": "e09c320446c5c2516d430803f7b19f5833781337",
        "type": "github"
      },
      "original": {
        "owner": "nmattia",
        "repo": "naersk",
        "type": "github"
      }
    },
    "nixpkgs": {
      "locked": {
        "lastModified": 1627794360,
        "narHash": "sha256-HUPatgAkd3S/lvOtRDHY4PRC81pyT9IusdzseX+BmHQ=",
        "owner": "NixOS",
        "repo": "nixpkgs",
        "rev": "6e6b1d1a1bdae2073a902e42441c94c4c736d4fa",
        "type": "github"
      },
      "original": {
        "id": "nixpkgs",
        "type": "indirect"
      }
    },
    "nixpkgs_2": {
      "locked": {
        "lastModified": 1627533199,
        "narHash": "sha256-NyIUcNevwtsMBINn56jnDF8wz3TV1AFxw+Vw6JMnkyE=",
        "owner": "NixOS",
        "repo": "nixpkgs",
        "rev": "dd98b100651cfbb8804f32d852f75ef7c97a6b74",
        "type": "github"
      },
      "original": {
        "id": "nixpkgs",
        "ref": "nixpkgs-unstable",
        "type": "indirect"
      }
    },
    "root": {
      "inputs": {
        "fenix": "fenix",
        "flake-utils": "flake-utils",
        "naersk": "naersk",
        "nixpkgs": "nixpkgs_2"
      }
    },
    "rust-analyzer-src": {
      "flake": false,
      "locked": {
        "lastModified": 1627756061,
        "narHash": "sha256-XhSHlXC18fQeXCfHMz5WJDbhlyFzcVnS5imQ8camh50=",
        "owner": "rust-analyzer",
        "repo": "rust-analyzer",
        "rev": "4118733f33bccbdec23d70e3f625cf3f418817f2",
        "type": "github"
      },
      "original": {
        "owner": "rust-analyzer",
        "ref": "nightly",
        "repo": "rust-analyzer",
        "type": "github"
      }
    }
  },
  "root": "root",
  "version": 7
}
